
Microsoft Visual Studio Solution File, Format Version 12.00
# Visual Studio Version 17
VisualStudioVersion = 17.12.35707.178
MinimumVisualStudioVersion = 10.0.40219.1
Project("{FAE04EC0-301F-11D3-BF4B-00C04F79EFBC}") = "ClassVue.Client", "ClassVue.Client\ClassVue.Client.csproj", "{0C6AA53D-C757-4B66-B2B7-CD0D3A7C066B}"
EndProject
Project("{FAE04EC0-301F-11D3-BF4B-00C04F79EFBC}") = "ClassVue.Server", "ClassVue.Server\ClassVue.Server.csproj", "{5FD53102-B322-4B2F-ADA0-B7C89EEADC9F}"
EndProject
Project("{FAE04EC0-301F-11D3-BF4B-00C04F79EFBC}") = "Classvue.Shared", "Classvue.Shared\Classvue.Shared.csproj", "{5CA1BEDB-7DB8-43DD-91B6-99AC7B3A469C}"
EndProject
Global
	GlobalSection(SolutionConfigurationPlatforms) = preSolution
		Debug|Any CPU = Debug|Any CPU
		Release|Any CPU = Release|Any CPU
	EndGlobalSection
	GlobalSection(ProjectConfigurationPlatforms) = postSolution
		{0C6AA53D-C757-4B66-B2B7-CD0D3A7C066B}.Debug|Any CPU.ActiveCfg = Debug|Any CPU
		{0C6AA53D-C757-4B66-B2B7-CD0D3A7C066B}.Debug|Any CPU.Build.0 = Debug|Any CPU
		{0C6AA53D-C757-4B66-B2B7-CD0D3A7C066B}.Release|Any CPU.ActiveCfg = Release|Any CPU
		{0C6AA53D-C757-4B66-B2B7-CD0D3A7C066B}.Release|Any CPU.Build.0 = Release|Any CPU
		{5FD53102-B322-4B2F-ADA0-B7C89EEADC9F}.Debug|Any CPU.ActiveCfg = Debug|Any CPU
		{5FD53102-B322-4B2F-ADA0-B7C89EEADC9F}.Debug|Any CPU.Build.0 = Debug|Any CPU
		{5FD53102-B322-4B2F-ADA0-B7C89EEADC9F}.Release|Any CPU.ActiveCfg = Release|Any CPU
		{5FD53102-B322-4B2F-ADA0-B7C89EEADC9F}.Release|Any CPU.Build.0 = Release|Any CPU
		{5CA1BEDB-7DB8-43DD-91B6-99AC7B3A469C}.Debug|Any CPU.ActiveCfg = Debug|Any CPU
		{5CA1BEDB-7DB8-43DD-91B6-99AC7B3A469C}.Debug|Any CPU.Build.0 = Debug|Any CPU
		{5CA1BEDB-7DB8-43DD-91B6-99AC7B3A469C}.Release|Any CPU.ActiveCfg = Release|Any CPU
		{5CA1BEDB-7DB8-43DD-91B6-99AC7B3A469C}.Release|Any CPU.Build.0 = Release|Any CPU
	EndGlobalSection
	GlobalSection(SolutionProperties) = preSolution
		HideSolutionNode = FALSE
	EndGlobalSection
EndGlobal
